
Microsoft Visual Studio Solution File, Format Version 12.00
# Visual Studio Version 16
VisualStudioVersion = 16.0.29418.71
MinimumVisualStudioVersion = 10.0.40219.1
Project("{FAE04EC0-301F-11D3-BF4B-00C04F79EFBC}") = "leetcodeChallange", "leetcodeChallange.csproj", "{B8934C73-579E-466D-B84A-651028E7D33F}"
EndProject
Global
	GlobalSection(SolutionConfigurationPlatforms) = preSolution
		Debug|Any CPU = Debug|Any CPU
		Release|Any CPU = Release|Any CPU
	EndGlobalSection
	GlobalSection(ProjectConfigurationPlatforms) = postSolution
		{B8934C73-579E-466D-B84A-651028E7D33F}.Debug|Any CPU.ActiveCfg = Debug|Any CPU
		{B8934C73-579E-466D-B84A-651028E7D33F}.Debug|Any CPU.Build.0 = Debug|Any CPU
		{B8934C73-579E-466D-B84A-651028E7D33F}.Release|Any CPU.ActiveCfg = Release|Any CPU
		{B8934C73-579E-466D-B84A-651028E7D33F}.Release|Any CPU.Build.0 = Release|Any CPU
	EndGlobalSection
	GlobalSection(SolutionProperties) = preSolution
		HideSolutionNode = FALSE
	EndGlobalSection
	GlobalSection(ExtensibilityGlobals) = postSolution
		SolutionGuid = {1DA45441-A354-411D-9EE2-B4C9A13F1074}
	EndGlobalSection
EndGlobal
